// !$*UTF8*$!
{
	archiveVersion = 1;
	classes = {
	};
	objectVersion = 55;
	objects = {

/* Begin PBXBuildFile section */
		F3C3C71D279AA8C800CD75FC /* AppDelegate.swift in Sources */ = {isa = PBXBuildFile; fileRef = F3C3C71C279AA8C800CD75FC /* AppDelegate.swift */; };
		F3C3C71F279AA8C800CD75FC /* SceneDelegate.swift in Sources */ = {isa = PBXBuildFile; fileRef = F3C3C71E279AA8C800CD75FC /* SceneDelegate.swift */; };
		F3C3C721279AA8C800CD75FC /* ViewController.swift in Sources */ = {isa = PBXBuildFile; fileRef = F3C3C720279AA8C800CD75FC /* ViewController.swift */; };
		F3C3C724279AA8C800CD75FC /* Main.storyboard in Resources */ = {isa = PBXBuildFile; fileRef = F3C3C722279AA8C800CD75FC /* Main.storyboard */; };
		F3C3C727279AA8C800CD75FC /* FindFalcom.xcdatamodeld in Sources */ = {isa = PBXBuildFile; fileRef = F3C3C725279AA8C800CD75FC /* FindFalcom.xcdatamodeld */; };
		F3C3C729279AA8CA00CD75FC /* Assets.xcassets in Resources */ = {isa = PBXBuildFile; fileRef = F3C3C728279AA8CA00CD75FC /* Assets.xcassets */; };
		F3C3C72C279AA8CA00CD75FC /* LaunchScreen.storyboard in Resources */ = {isa = PBXBuildFile; fileRef = F3C3C72A279AA8CA00CD75FC /* LaunchScreen.storyboard */; };
		F3C3C737279AA8CA00CD75FC /* FindFalcomTests.swift in Sources */ = {isa = PBXBuildFile; fileRef = F3C3C736279AA8CA00CD75FC /* FindFalcomTests.swift */; };
		F3C3C741279AA8CA00CD75FC /* FindFalcomUITests.swift in Sources */ = {isa = PBXBuildFile; fileRef = F3C3C740279AA8CA00CD75FC /* FindFalcomUITests.swift */; };
		F3C3C743279AA8CA00CD75FC /* FindFalcomUITestsLaunchTests.swift in Sources */ = {isa = PBXBuildFile; fileRef = F3C3C742279AA8CA00CD75FC /* FindFalcomUITestsLaunchTests.swift */; };
/* End PBXBuildFile section */

/* Begin PBXContainerItemProxy section */
		F3C3C733279AA8CA00CD75FC /* PBXContainerItemProxy */ = {
			isa = PBXContainerItemProxy;
			containerPortal = F3C3C711279AA8C800CD75FC /* Project object */;
			proxyType = 1;
			remoteGlobalIDString = F3C3C718279AA8C800CD75FC;
			remoteInfo = FindFalcom;
		};
		F3C3C73D279AA8CA00CD75FC /* PBXContainerItemProxy */ = {
			isa = PBXContainerItemProxy;
			containerPortal = F3C3C711279AA8C800CD75FC /* Project object */;
			proxyType = 1;
			remoteGlobalIDString = F3C3C718279AA8C800CD75FC;
			remoteInfo = FindFalcom;
		};
/* End PBXContainerItemProxy section */

/* Begin PBXFileReference section */
		F3C3C719279AA8C800CD75FC /* FindFalcom.app */ = {isa = PBXFileReference; explicitFileType = wrapper.application; includeInIndex = 0; path = FindFalcom.app; sourceTree = BUILT_PRODUCTS_DIR; };
		F3C3C71C279AA8C800CD75FC /* AppDelegate.swift */ = {isa = PBXFileReference; lastKnownFileType = sourcecode.swift; path = AppDelegate.swift; sourceTree = "<group>"; };
		F3C3C71E279AA8C800CD75FC /* SceneDelegate.swift */ = {isa = PBXFileReference; lastKnownFileType = sourcecode.swift; path = SceneDelegate.swift; sourceTree = "<group>"; };
		F3C3C720279AA8C800CD75FC /* ViewController.swift */ = {isa = PBXFileReference; lastKnownFileType = sourcecode.swift; path = ViewController.swift; sourceTree = "<group>"; };
		F3C3C723279AA8C800CD75FC /* Base */ = {isa = PBXFileReference; lastKnownFileType = file.storyboard; name = Base; path = Base.lproj/Main.storyboard; sourceTree = "<group>"; };
		F3C3C726279AA8C800CD75FC /* FindFalcom.xcdatamodel */ = {isa = PBXFileReference; lastKnownFileType = wrapper.xcdatamodel; path = FindFalcom.xcdatamodel; sourceTree = "<group>"; };
		F3C3C728279AA8CA00CD75FC /* Assets.xcassets */ = {isa = PBXFileReference; lastKnownFileType = folder.assetcatalog; path = Assets.xcassets; sourceTree = "<group>"; };
		F3C3C72B279AA8CA00CD75FC /* Base */ = {isa = PBXFileReference; lastKnownFileType = file.storyboard; name = Base; path = Base.lproj/LaunchScreen.storyboard; sourceTree = "<group>"; };
		F3C3C72D279AA8CA00CD75FC /* Info.plist */ = {isa = PBXFileReference; lastKnownFileType = text.plist.xml; path = Info.plist; sourceTree = "<group>"; };
		F3C3C732279AA8CA00CD75FC /* FindFalcomTests.xctest */ = {isa = PBXFileReference; explicitFileType = wrapper.cfbundle; includeInIndex = 0; path = FindFalcomTests.xctest; sourceTree = BUILT_PRODUCTS_DIR; };
		F3C3C736279AA8CA00CD75FC /* FindFalcomTests.swift */ = {isa = PBXFileReference; lastKnownFileType = sourcecode.swift; path = FindFalcomTests.swift; sourceTree = "<group>"; };
		F3C3C73C279AA8CA00CD75FC /* FindFalcomUITests.xctest */ = {isa = PBXFileReference; explicitFileType = wrapper.cfbundle; includeInIndex = 0; path = FindFalcomUITests.xctest; sourceTree = BUILT_PRODUCTS_DIR; };
		F3C3C740279AA8CA00CD75FC /* FindFalcomUITests.swift */ = {isa = PBXFileReference; lastKnownFileType = sourcecode.swift; path = FindFalcomUITests.swift; sourceTree = "<group>"; };
		F3C3C742279AA8CA00CD75FC /* FindFalcomUITestsLaunchTests.swift */ = {isa = PBXFileReference; lastKnownFileType = sourcecode.swift; path = FindFalcomUITestsLaunchTests.swift; sourceTree = "<group>"; };
/* End PBXFileReference section */

/* Begin PBXFrameworksBuildPhase section */
		F3C3C716279AA8C800CD75FC /* Frameworks */ = {
			isa = PBXFrameworksBuildPhase;
			buildActionMask = 2147483647;
			files = (
			);
			runOnlyForDeploymentPostprocessing = 0;
		};
		F3C3C72F279AA8CA00CD75FC /* Frameworks */ = {
			isa = PBXFrameworksBuildPhase;
			buildActionMask = 2147483647;
			files = (
			);
			runOnlyForDeploymentPostprocessing = 0;
		};
		F3C3C739279AA8CA00CD75FC /* Frameworks */ = {
			isa = PBXFrameworksBuildPhase;
			buildActionMask = 2147483647;
			files = (
			);
			runOnlyForDeploymentPostprocessing = 0;
		};
/* End PBXFrameworksBuildPhase section */

/* Begin PBXGroup section */
		F3C3C710279AA8C800CD75FC = {
			isa = PBXGroup;
			children = (
				F3C3C71B279AA8C800CD75FC /* FindFalcom */,
				F3C3C735279AA8CA00CD75FC /* FindFalcomTests */,
				F3C3C73F279AA8CA00CD75FC /* FindFalcomUITests */,
				F3C3C71A279AA8C800CD75FC /* Products */,
			);
			sourceTree = "<group>";
		};
		F3C3C71A279AA8C800CD75FC /* Products */ = {
			isa = PBXGroup;
			children = (
				F3C3C719279AA8C800CD75FC /* FindFalcom.app */,
				F3C3C732279AA8CA00CD75FC /* FindFalcomTests.xctest */,
				F3C3C73C279AA8CA00CD75FC /* FindFalcomUITests.xctest */,
			);
			name = Products;
			sourceTree = "<group>";
		};
		F3C3C71B279AA8C800CD75FC /* FindFalcom */ = {
			isa = PBXGroup;
			children = (
				F3C3C71C279AA8C800CD75FC /* AppDelegate.swift */,
				F3C3C71E279AA8C800CD75FC /* SceneDelegate.swift */,
				F3C3C720279AA8C800CD75FC /* ViewController.swift */,
				F3C3C722279AA8C800CD75FC /* Main.storyboard */,
				F3C3C728279AA8CA00CD75FC /* Assets.xcassets */,
				F3C3C72A279AA8CA00CD75FC /* LaunchScreen.storyboard */,
				F3C3C72D279AA8CA00CD75FC /* Info.plist */,
				F3C3C725279AA8C800CD75FC /* FindFalcom.xcdatamodeld */,
			);
			path = FindFalcom;
			sourceTree = "<group>";
		};
		F3C3C735279AA8CA00CD75FC /* FindFalcomTests */ = {
			isa = PBXGroup;
			children = (
				F3C3C736279AA8CA00CD75FC /* FindFalcomTests.swift */,
			);
			path = FindFalcomTests;
			sourceTree = "<group>";
		};
		F3C3C73F279AA8CA00CD75FC /* FindFalcomUITests */ = {
			isa = PBXGroup;
			children = (
				F3C3C740279AA8CA00CD75FC /* FindFalcomUITests.swift */,
				F3C3C742279AA8CA00CD75FC /* FindFalcomUITestsLaunchTests.swift */,
			);
			path = FindFalcomUITests;
			sourceTree = "<group>";
		};
/* End PBXGroup section */

/* Begin PBXNativeTarget section */
		F3C3C718279AA8C800CD75FC /* FindFalcom */ = {
			isa = PBXNativeTarget;
			buildConfigurationList = F3C3C746279AA8CA00CD75FC /* Build configuration list for PBXNativeTarget "FindFalcom" */;
			buildPhases = (
				F3C3C715279AA8C800CD75FC /* Sources */,
				F3C3C716279AA8C800CD75FC /* Frameworks */,
				F3C3C717279AA8C800CD75FC /* Resources */,
			);
			buildRules = (
			);
			dependencies = (
			);
			name = FindFalcom;
			productName = FindFalcom;
			productReference = F3C3C719279AA8C800CD75FC /* FindFalcom.app */;
			productType = "com.apple.product-type.application";
		};
		F3C3C731279AA8CA00CD75FC /* FindFalcomTests */ = {
			isa = PBXNativeTarget;
			buildConfigurationList = F3C3C749279AA8CA00CD75FC /* Build configuration list for PBXNativeTarget "FindFalcomTests" */;
			buildPhases = (
				F3C3C72E279AA8CA00CD75FC /* Sources */,
				F3C3C72F279AA8CA00CD75FC /* Frameworks */,
				F3C3C730279AA8CA00CD75FC /* Resources */,
			);
			buildRules = (
			);
			dependencies = (
				F3C3C734279AA8CA00CD75FC /* PBXTargetDependency */,
			);
			name = FindFalcomTests;
			productName = FindFalcomTests;
			productReference = F3C3C732279AA8CA00CD75FC /* FindFalcomTests.xctest */;
			productType = "com.apple.product-type.bundle.unit-test";
		};
		F3C3C73B279AA8CA00CD75FC /* FindFalcomUITests */ = {
			isa = PBXNativeTarget;
			buildConfigurationList = F3C3C74C279AA8CA00CD75FC /* Build configuration list for PBXNativeTarget "FindFalcomUITests" */;
			buildPhases = (
				F3C3C738279AA8CA00CD75FC /* Sources */,
				F3C3C739279AA8CA00CD75FC /* Frameworks */,
				F3C3C73A279AA8CA00CD75FC /* Resources */,
			);
			buildRules = (
			);
			dependencies = (
				F3C3C73E279AA8CA00CD75FC /* PBXTargetDependency */,
			);
			name = FindFalcomUITests;
			productName = FindFalcomUITests;
			productReference = F3C3C73C279AA8CA00CD75FC /* FindFalcomUITests.xctest */;
			productType = "com.apple.product-type.bundle.ui-testing";
		};
/* End PBXNativeTarget section */

/* Begin PBXProject section */
		F3C3C711279AA8C800CD75FC /* Project object */ = {
			isa = PBXProject;
			attributes = {
				BuildIndependentTargetsInParallel = 1;
				LastSwiftUpdateCheck = 1320;
				LastUpgradeCheck = 1320;
				TargetAttributes = {
					F3C3C718279AA8C800CD75FC = {
						CreatedOnToolsVersion = 13.2;
					};
					F3C3C731279AA8CA00CD75FC = {
						CreatedOnToolsVersion = 13.2;
						TestTargetID = F3C3C718279AA8C800CD75FC;
					};
					F3C3C73B279AA8CA00CD75FC = {
						CreatedOnToolsVersion = 13.2;
						TestTargetID = F3C3C718279AA8C800CD75FC;
					};
				};
			};
			buildConfigurationList = F3C3C714279AA8C800CD75FC /* Build configuration list for PBXProject "FindFalcom" */;
			compatibilityVersion = "Xcode 13.0";
			developmentRegion = en;
			hasScannedForEncodings = 0;
			knownRegions = (
				en,
				Base,
			);
			mainGroup = F3C3C710279AA8C800CD75FC;
			productRefGroup = F3C3C71A279AA8C800CD75FC /* Products */;
			projectDirPath = "";
			projectRoot = "";
			targets = (
				F3C3C718279AA8C800CD75FC /* FindFalcom */,
				F3C3C731279AA8CA00CD75FC /* FindFalcomTests */,
				F3C3C73B279AA8CA00CD75FC /* FindFalcomUITests */,
			);
		};
/* End PBXProject section */

/* Begin PBXResourcesBuildPhase section */
		F3C3C717279AA8C800CD75FC /* Resources */ = {
			isa = PBXResourcesBuildPhase;
			buildActionMask = 2147483647;
			files = (
				F3C3C72C279AA8CA00CD75FC /* LaunchScreen.storyboard in Resources */,
				F3C3C729279AA8CA00CD75FC /* Assets.xcassets in Resources */,
				F3C3C724279AA8C800CD75FC /* Main.storyboard in Resources */,
			);
			runOnlyForDeploymentPostprocessing = 0;
		};
		F3C3C730279AA8CA00CD75FC /* Resources */ = {
			isa = PBXResourcesBuildPhase;
			buildActionMask = 2147483647;
			files = (
			);
			runOnlyForDeploymentPostprocessing = 0;
		};
		F3C3C73A279AA8CA00CD75FC /* Resources */ = {
			isa = PBXResourcesBuildPhase;
			buildActionMask = 2147483647;
			files = (
			);
			runOnlyForDeploymentPostprocessing = 0;
		};
/* End PBXResourcesBuildPhase section */

/* Begin PBXSourcesBuildPhase section */
		F3C3C715279AA8C800CD75FC /* Sources */ = {
			isa = PBXSourcesBuildPhase;
			buildActionMask = 2147483647;
			files = (
				F3C3C721279AA8C800CD75FC /* ViewController.swift in Sources */,
				F3C3C71D279AA8C800CD75FC /* AppDelegate.swift in Sources */,
				F3C3C727279AA8C800CD75FC /* FindFalcom.xcdatamodeld in Sources */,
				F3C3C71F279AA8C800CD75FC /* SceneDelegate.swift in Sources */,
			);
			runOnlyForDeploymentPostprocessing = 0;
		};
		F3C3C72E279AA8CA00CD75FC /* Sources */ = {
			isa = PBXSourcesBuildPhase;
			buildActionMask = 2147483647;
			files = (
				F3C3C737279AA8CA00CD75FC /* FindFalcomTests.swift in Sources */,
			);
			runOnlyForDeploymentPostprocessing = 0;
		};
		F3C3C738279AA8CA00CD75FC /* Sources */ = {
			isa = PBXSourcesBuildPhase;
			buildActionMask = 2147483647;
			files = (
				F3C3C741279AA8CA00CD75FC /* FindFalcomUITests.swift in Sources */,
				F3C3C743279AA8CA00CD75FC /* FindFalcomUITestsLaunchTests.swift in Sources */,
			);
			runOnlyForDeploymentPostprocessing = 0;
		};
/* End PBXSourcesBuildPhase section */

/* Begin PBXTargetDependency section */
		F3C3C734279AA8CA00CD75FC /* PBXTargetDependency */ = {
			isa = PBXTargetDependency;
			target = F3C3C718279AA8C800CD75FC /* FindFalcom */;
			targetProxy = F3C3C733279AA8CA00CD75FC /* PBXContainerItemProxy */;
		};
		F3C3C73E279AA8CA00CD75FC /* PBXTargetDependency */ = {
			isa = PBXTargetDependency;
			target = F3C3C718279AA8C800CD75FC /* FindFalcom */;
			targetProxy = F3C3C73D279AA8CA00CD75FC /* PBXContainerItemProxy */;
		};
/* End PBXTargetDependency section */

/* Begin PBXVariantGroup section */
		F3C3C722279AA8C800CD75FC /* Main.storyboard */ = {
			isa = PBXVariantGroup;
			children = (
				F3C3C723279AA8C800CD75FC /* Base */,
			);
			name = Main.storyboard;
			sourceTree = "<group>";
		};
		F3C3C72A279AA8CA00CD75FC /* LaunchScreen.storyboard */ = {
			isa = PBXVariantGroup;
			children = (
				F3C3C72B279AA8CA00CD75FC /* Base */,
			);
			name = LaunchScreen.storyboard;
			sourceTree = "<group>";
		};
/* End PBXVariantGroup section */

/* Begin XCBuildConfiguration section */
		F3C3C744279AA8CA00CD75FC /* Debug */ = {
			isa = XCBuildConfiguration;
			buildSettings = {
				ALWAYS_SEARCH_USER_PATHS = NO;
				CLANG_ANALYZER_NONNULL = YES;
				CLANG_ANALYZER_NUMBER_OBJECT_CONVERSION = YES_AGGRESSIVE;
				CLANG_CXX_LANGUAGE_STANDARD = "gnu++17";
				CLANG_CXX_LIBRARY = "libc++";
				CLANG_ENABLE_MODULES = YES;
				CLANG_ENABLE_OBJC_ARC = YES;
				CLANG_ENABLE_OBJC_WEAK = YES;
				CLANG_WARN_BLOCK_CAPTURE_AUTORELEASING = YES;
				CLANG_WARN_BOOL_CONVERSION = YES;
				CLANG_WARN_COMMA = YES;
				CLANG_WARN_CONSTANT_CONVERSION = YES;
				CLANG_WARN_DEPRECATED_OBJC_IMPLEMENTATIONS = YES;
				CLANG_WARN_DIRECT_OBJC_ISA_USAGE = YES_ERROR;
				CLANG_WARN_DOCUMENTATION_COMMENTS = YES;
				CLANG_WARN_EMPTY_BODY = YES;
				CLANG_WARN_ENUM_CONVERSION = YES;
				CLANG_WARN_INFINITE_RECURSION = YES;
				CLANG_WARN_INT_CONVERSION = YES;
				CLANG_WARN_NON_LITERAL_NULL_CONVERSION = YES;
				CLANG_WARN_OBJC_IMPLICIT_RETAIN_SELF = YES;
				CLANG_WARN_OBJC_LITERAL_CONVERSION = YES;
				CLANG_WARN_OBJC_ROOT_CLASS = YES_ERROR;
				CLANG_WARN_QUOTED_INCLUDE_IN_FRAMEWORK_HEADER = YES;
				CLANG_WARN_RANGE_LOOP_ANALYSIS = YES;
				CLANG_WARN_STRICT_PROTOTYPES = YES;
				CLANG_WARN_SUSPICIOUS_MOVE = YES;
				CLANG_WARN_UNGUARDED_AVAILABILITY = YES_AGGRESSIVE;
				CLANG_WARN_UNREACHABLE_CODE = YES;
				CLANG_WARN__DUPLICATE_METHOD_MATCH = YES;
				COPY_PHASE_STRIP = NO;
				DEBUG_INFORMATION_FORMAT = dwarf;
				ENABLE_STRICT_OBJC_MSGSEND = YES;
				ENABLE_TESTABILITY = YES;
				GCC_C_LANGUAGE_STANDARD = gnu11;
				GCC_DYNAMIC_NO_PIC = NO;
				GCC_NO_COMMON_BLOCKS = YES;
				GCC_OPTIMIZATION_LEVEL = 0;
				GCC_PREPROCESSOR_DEFINITIONS = (
					"DEBUG=1",
					"$(inherited)",
				);
				GCC_WARN_64_TO_32_BIT_CONVERSION = YES;
				GCC_WARN_ABOUT_RETURN_TYPE = YES_ERROR;
				GCC_WARN_UNDECLARED_SELECTOR = YES;
				GCC_WARN_UNINITIALIZED_AUTOS = YES_AGGRESSIVE;
				GCC_WARN_UNUSED_FUNCTION = YES;
				GCC_WARN_UNUSED_VARIABLE = YES;
				IPHONEOS_DEPLOYMENT_TARGET = 15.2;
				MTL_ENABLE_DEBUG_INFO = INCLUDE_SOURCE;
				MTL_FAST_MATH = YES;
				ONLY_ACTIVE_ARCH = YES;
				SDKROOT = iphoneos;
				SWIFT_ACTIVE_COMPILATION_CONDITIONS = DEBUG;
				SWIFT_OPTIMIZATION_LEVEL = "-Onone";
			};
			name = Debug;
		};
		F3C3C745279AA8CA00CD75FC /* Release */ = {
			isa = XCBuildConfiguration;
			buildSettings = {
				ALWAYS_SEARCH_USER_PATHS = NO;
				CLANG_ANALYZER_NONNULL = YES;
				CLANG_ANALYZER_NUMBER_OBJECT_CONVERSION = YES_AGGRESSIVE;
				CLANG_CXX_LANGUAGE_STANDARD = "gnu++17";
				CLANG_CXX_LIBRARY = "libc++";
				CLANG_ENABLE_MODULES = YES;
				CLANG_ENABLE_OBJC_ARC = YES;
				CLANG_ENABLE_OBJC_WEAK = YES;
				CLANG_WARN_BLOCK_CAPTURE_AUTORELEASING = YES;
				CLANG_WARN_BOOL_CONVERSION = YES;
				CLANG_WARN_COMMA = YES;
				CLANG_WARN_CONSTANT_CONVERSION = YES;
				CLANG_WARN_DEPRECATED_OBJC_IMPLEMENTATIONS = YES;
				CLANG_WARN_DIRECT_OBJC_ISA_USAGE = YES_ERROR;
				CLANG_WARN_DOCUMENTATION_COMMENTS = YES;
				CLANG_WARN_EMPTY_BODY = YES;
				CLANG_WARN_ENUM_CONVERSION = YES;
				CLANG_WARN_INFINITE_RECURSION = YES;
				CLANG_WARN_INT_CONVERSION = YES;
				CLANG_WARN_NON_LITERAL_NULL_CONVERSION = YES;
				CLANG_WARN_OBJC_IMPLICIT_RETAIN_SELF = YES;
				CLANG_WARN_OBJC_LITERAL_CONVERSION = YES;
				CLANG_WARN_OBJC_ROOT_CLASS = YES_ERROR;
				CLANG_WARN_QUOTED_INCLUDE_IN_FRAMEWORK_HEADER = YES;
				CLANG_WARN_RANGE_LOOP_ANALYSIS = YES;
				CLANG_WARN_STRICT_PROTOTYPES = YES;
				CLANG_WARN_SUSPICIOUS_MOVE = YES;
				CLANG_WARN_UNGUARDED_AVAILABILITY = YES_AGGRESSIVE;
				CLANG_WARN_UNREACHABLE_CODE = YES;
				CLANG_WARN__DUPLICATE_METHOD_MATCH = YES;
				COPY_PHASE_STRIP = NO;
				DEBUG_INFORMATION_FORMAT = "dwarf-with-dsym";
				ENABLE_NS_ASSERTIONS = NO;
				ENABLE_STRICT_OBJC_MSGSEND = YES;
				GCC_C_LANGUAGE_STANDARD = gnu11;
				GCC_NO_COMMON_BLOCKS = YES;
				GCC_WARN_64_TO_32_BIT_CONVERSION = YES;
				GCC_WARN_ABOUT_RETURN_TYPE = YES_ERROR;
				GCC_WARN_UNDECLARED_SELECTOR = YES;
				GCC_WARN_UNINITIALIZED_AUTOS = YES_AGGRESSIVE;
				GCC_WARN_UNUSED_FUNCTION = YES;
				GCC_WARN_UNUSED_VARIABLE = YES;
				IPHONEOS_DEPLOYMENT_TARGET = 15.2;
				MTL_ENABLE_DEBUG_INFO = NO;
				MTL_FAST_MATH = YES;
				SDKROOT = iphoneos;
				SWIFT_COMPILATION_MODE = wholemodule;
				SWIFT_OPTIMIZATION_LEVEL = "-O";
				VALIDATE_PRODUCT = YES;
			};
			name = Release;
		};
		F3C3C747279AA8CA00CD75FC /* Debug */ = {
			isa = XCBuildConfiguration;
			buildSettings = {
				ASSETCATALOG_COMPILER_APPICON_NAME = AppIcon;
				ASSETCATALOG_COMPILER_GLOBAL_ACCENT_COLOR_NAME = AccentColor;
				CODE_SIGN_STYLE = Automatic;
				CURRENT_PROJECT_VERSION = 1;
				DEVELOPMENT_TEAM = X9WH6LJ5WW;
				GENERATE_INFOPLIST_FILE = YES;
				INFOPLIST_FILE = FindFalcom/Info.plist;
				INFOPLIST_KEY_UIApplicationSupportsIndirectInputEvents = YES;
				INFOPLIST_KEY_UILaunchStoryboardName = LaunchScreen;
				INFOPLIST_KEY_UIMainStoryboardFile = Main;
				INFOPLIST_KEY_UISupportedInterfaceOrientations_iPad = "UIInterfaceOrientationPortrait UIInterfaceOrientationPortraitUpsideDown UIInterfaceOrientationLandscapeLeft UIInterfaceOrientationLandscapeRight";
				INFOPLIST_KEY_UISupportedInterfaceOrientations_iPhone = "UIInterfaceOrientationPortrait UIInterfaceOrientationLandscapeLeft UIInterfaceOrientationLandscapeRight";
				LD_RUNPATH_SEARCH_PATHS = (
					"$(inherited)",
					"@executable_path/Frameworks",
				);
				MARKETING_VERSION = 1.0;
				PRODUCT_BUNDLE_IDENTIFIER = com.bkplus.FindFalcom;
				PRODUCT_NAME = "$(TARGET_NAME)";
				SWIFT_EMIT_LOC_STRINGS = YES;
				SWIFT_VERSION = 5.0;
				TARGETED_DEVICE_FAMILY = "1,2";
			};
			name = Debug;
		};
		F3C3C748279AA8CA00CD75FC /* Release */ = {
			isa = XCBuildConfiguration;
			buildSettings = {
				ASSETCATALOG_COMPILER_APPICON_NAME = AppIcon;
				ASSETCATALOG_COMPILER_GLOBAL_ACCENT_COLOR_NAME = AccentColor;
				CODE_SIGN_STYLE = Automatic;
				CURRENT_PROJECT_VERSION = 1;
				DEVELOPMENT_TEAM = X9WH6LJ5WW;
				GENERATE_INFOPLIST_FILE = YES;
				INFOPLIST_FILE = FindFalcom/Info.plist;
				INFOPLIST_KEY_UIApplicationSupportsIndirectInputEvents = YES;
				INFOPLIST_KEY_UILaunchStoryboardName = LaunchScreen;
				INFOPLIST_KEY_UIMainStoryboardFile = Main;
				INFOPLIST_KEY_UISupportedInterfaceOrientations_iPad = "UIInterfaceOrientationPortrait UIInterfaceOrientationPortraitUpsideDown UIInterfaceOrientationLandscapeLeft UIInterfaceOrientationLandscapeRight";
				INFOPLIST_KEY_UISupportedInterfaceOrientations_iPhone = "UIInterfaceOrientationPortrait UIInterfaceOrientationLandscapeLeft UIInterfaceOrientationLandscapeRight";
				LD_RUNPATH_SEARCH_PATHS = (
					"$(inherited)",
					"@executable_path/Frameworks",
				);
				MARKETING_VERSION = 1.0;
				PRODUCT_BUNDLE_IDENTIFIER = com.bkplus.FindFalcom;
				PRODUCT_NAME = "$(TARGET_NAME)";
				SWIFT_EMIT_LOC_STRINGS = YES;
				SWIFT_VERSION = 5.0;
				TARGETED_DEVICE_FAMILY = "1,2";
			};
			name = Release;
		};
		F3C3C74A279AA8CA00CD75FC /* Debug */ = {
			isa = XCBuildConfiguration;
			buildSettings = {
				ALWAYS_EMBED_SWIFT_STANDARD_LIBRARIES = YES;
				BUNDLE_LOADER = "$(TEST_HOST)";
				CODE_SIGN_STYLE = Automatic;
				CURRENT_PROJECT_VERSION = 1;
				DEVELOPMENT_TEAM = X9WH6LJ5WW;
				GENERATE_INFOPLIST_FILE = YES;
				IPHONEOS_DEPLOYMENT_TARGET = 15.2;
				MARKETING_VERSION = 1.0;
				PRODUCT_BUNDLE_IDENTIFIER = com.bkplus.FindFalcomTests;
				PRODUCT_NAME = "$(TARGET_NAME)";
				SWIFT_EMIT_LOC_STRINGS = NO;
				SWIFT_VERSION = 5.0;
				TARGETED_DEVICE_FAMILY = "1,2";
				TEST_HOST = "$(BUILT_PRODUCTS_DIR)/FindFalcom.app/FindFalcom";
			};
			name = Debug;
		};
		F3C3C74B279AA8CA00CD75FC /* Release */ = {
			isa = XCBuildConfiguration;
			buildSettings = {
				ALWAYS_EMBED_SWIFT_STANDARD_LIBRARIES = YES;
				BUNDLE_LOADER = "$(TEST_HOST)";
				CODE_SIGN_STYLE = Automatic;
				CURRENT_PROJECT_VERSION = 1;
				DEVELOPMENT_TEAM = X9WH6LJ5WW;
				GENERATE_INFOPLIST_FILE = YES;
				IPHONEOS_DEPLOYMENT_TARGET = 15.2;
				MARKETING_VERSION = 1.0;
				PRODUCT_BUNDLE_IDENTIFIER = com.bkplus.FindFalcomTests;
				PRODUCT_NAME = "$(TARGET_NAME)";
				SWIFT_EMIT_LOC_STRINGS = NO;
				SWIFT_VERSION = 5.0;
				TARGETED_DEVICE_FAMILY = "1,2";
				TEST_HOST = "$(BUILT_PRODUCTS_DIR)/FindFalcom.app/FindFalcom";
			};
			name = Release;
		};
		F3C3C74D279AA8CA00CD75FC /* Debug */ = {
			isa = XCBuildConfiguration;
			buildSettings = {
				ALWAYS_EMBED_SWIFT_STANDARD_LIBRARIES = YES;
				CODE_SIGN_STYLE = Automatic;
				CURRENT_PROJECT_VERSION = 1;
				DEVELOPMENT_TEAM = X9WH6LJ5WW;
				GENERATE_INFOPLIST_FILE = YES;
				MARKETING_VERSION = 1.0;
				PRODUCT_BUNDLE_IDENTIFIER = com.bkplus.FindFalcomUITests;
				PRODUCT_NAME = "$(TARGET_NAME)";
				SWIFT_EMIT_LOC_STRINGS = NO;
				SWIFT_VERSION = 5.0;
				TARGETED_DEVICE_FAMILY = "1,2";
				TEST_TARGET_NAME = FindFalcom;
			};
			name = Debug;
		};
		F3C3C74E279AA8CA00CD75FC /* Release */ = {
			isa = XCBuildConfiguration;
			buildSettings = {
				ALWAYS_EMBED_SWIFT_STANDARD_LIBRARIES = YES;
				CODE_SIGN_STYLE = Automatic;
				CURRENT_PROJECT_VERSION = 1;
				DEVELOPMENT_TEAM = X9WH6LJ5WW;
				GENERATE_INFOPLIST_FILE = YES;
				MARKETING_VERSION = 1.0;
				PRODUCT_BUNDLE_IDENTIFIER = com.bkplus.FindFalcomUITests;
				PRODUCT_NAME = "$(TARGET_NAME)";
				SWIFT_EMIT_LOC_STRINGS = NO;
				SWIFT_VERSION = 5.0;
				TARGETED_DEVICE_FAMILY = "1,2";
				TEST_TARGET_NAME = FindFalcom;
			};
			name = Release;
		};
/* End XCBuildConfiguration section */

/* Begin XCConfigurationList section */
		F3C3C714279AA8C800CD75FC /* Build configuration list for PBXProject "FindFalcom" */ = {
			isa = XCConfigurationList;
			buildConfigurations = (
				F3C3C744279AA8CA00CD75FC /* Debug */,
				F3C3C745279AA8CA00CD75FC /* Release */,
			);
			defaultConfigurationIsVisible = 0;
			defaultConfigurationName = Release;
		};
		F3C3C746279AA8CA00CD75FC /* Build configuration list for PBXNativeTarget "FindFalcom" */ = {
			isa = XCConfigurationList;
			buildConfigurations = (
				F3C3C747279AA8CA00CD75FC /* Debug */,
				F3C3C748279AA8CA00CD75FC /* Release */,
			);
			defaultConfigurationIsVisible = 0;
			defaultConfigurationName = Release;
		};
		F3C3C749279AA8CA00CD75FC /* Build configuration list for PBXNativeTarget "FindFalcomTests" */ = {
			isa = XCConfigurationList;
			buildConfigurations = (
				F3C3C74A279AA8CA00CD75FC /* Debug */,
				F3C3C74B279AA8CA00CD75FC /* Release */,
			);
			defaultConfigurationIsVisible = 0;
			defaultConfigurationName = Release;
		};
		F3C3C74C279AA8CA00CD75FC /* Build configuration list for PBXNativeTarget "FindFalcomUITests" */ = {
			isa = XCConfigurationList;
			buildConfigurations = (
				F3C3C74D279AA8CA00CD75FC /* Debug */,
				F3C3C74E279AA8CA00CD75FC /* Release */,
			);
			defaultConfigurationIsVisible = 0;
			defaultConfigurationName = Release;
		};
/* End XCConfigurationList section */

/* Begin XCVersionGroup section */
		F3C3C725279AA8C800CD75FC /* FindFalcom.xcdatamodeld */ = {
			isa = XCVersionGroup;
			children = (
				F3C3C726279AA8C800CD75FC /* FindFalcom.xcdatamodel */,
			);
			currentVersion = F3C3C726279AA8C800CD75FC /* FindFalcom.xcdatamodel */;
			path = FindFalcom.xcdatamodeld;
			sourceTree = "<group>";
			versionGroupType = wrapper.xcdatamodel;
		};
/* End XCVersionGroup section */
	};
	rootObject = F3C3C711279AA8C800CD75FC /* Project object */;
}
