PODS:
  - Alamofire (5.5.0)
  - netfox (1.20.0)
  - ProgressHUD (13.6)

DEPENDENCIES:
  - Alamofire (~> 5.5)
  - netfox
  - ProgressHUD

SPEC REPOS:
  trunk:
    - Alamofire
    - netfox
    - ProgressHUD

SPEC CHECKSUMS:
  Alamofire: 1c4fb5369c3fe93d2857c780d8bbe09f06f97e7c
  netfox: 6b5c9724304b0cd99ca8515ac732a9f710e4ea5f
  ProgressHUD: 4bdaa0d2ddf676b23324b199f9facffb5c3a1620

PODFILE CHECKSUM: aedde3957540c456886cda1d6c5c1d3d6383aec3

COCOAPODS: 1.11.2
